
Microsoft Visual Studio Solution File, Format Version 12.00
# Visual Studio Version 16
VisualStudioVersion = 16.0.30717.126
MinimumVisualStudioVersion = 10.0.40219.1
Project("{9A19103F-16F7-4668-BE54-9A1E7A4F7556}") = "ExtensionMethods", "FunctionalProgramming\ExtensionMethods.csproj", "{BBA577C6-E21D-4DDF-8616-70C8966A4D15}"
EndProject
Project("{9A19103F-16F7-4668-BE54-9A1E7A4F7556}") = "ExpressionBody", "ArtProperties\ExpressionBody.csproj", "{5FBA8ABB-1182-4B31-9F54-D32E6ABD47CC}"
EndProject
Project("{FAE04EC0-301F-11D3-BF4B-00C04F79EFBC}") = "PatternMatching", "PatternMatching\PatternMatching.csproj", "{12744221-91D0-48C0-9497-498CCF6660E4}"
EndProject
Global
	GlobalSection(SolutionConfigurationPlatforms) = preSolution
		Debug|Any CPU = Debug|Any CPU
		Release|Any CPU = Release|Any CPU
	EndGlobalSection
	GlobalSection(ProjectConfigurationPlatforms) = postSolution
		{BBA577C6-E21D-4DDF-8616-70C8966A4D15}.Debug|Any CPU.ActiveCfg = Debug|Any CPU
		{BBA577C6-E21D-4DDF-8616-70C8966A4D15}.Debug|Any CPU.Build.0 = Debug|Any CPU
		{BBA577C6-E21D-4DDF-8616-70C8966A4D15}.Release|Any CPU.ActiveCfg = Release|Any CPU
		{BBA577C6-E21D-4DDF-8616-70C8966A4D15}.Release|Any CPU.Build.0 = Release|Any CPU
		{5FBA8ABB-1182-4B31-9F54-D32E6ABD47CC}.Debug|Any CPU.ActiveCfg = Debug|Any CPU
		{5FBA8ABB-1182-4B31-9F54-D32E6ABD47CC}.Debug|Any CPU.Build.0 = Debug|Any CPU
		{5FBA8ABB-1182-4B31-9F54-D32E6ABD47CC}.Release|Any CPU.ActiveCfg = Release|Any CPU
		{5FBA8ABB-1182-4B31-9F54-D32E6ABD47CC}.Release|Any CPU.Build.0 = Release|Any CPU
		{12744221-91D0-48C0-9497-498CCF6660E4}.Debug|Any CPU.ActiveCfg = Debug|Any CPU
		{12744221-91D0-48C0-9497-498CCF6660E4}.Debug|Any CPU.Build.0 = Debug|Any CPU
		{12744221-91D0-48C0-9497-498CCF6660E4}.Release|Any CPU.ActiveCfg = Release|Any CPU
		{12744221-91D0-48C0-9497-498CCF6660E4}.Release|Any CPU.Build.0 = Release|Any CPU
	EndGlobalSection
	GlobalSection(SolutionProperties) = preSolution
		HideSolutionNode = FALSE
	EndGlobalSection
	GlobalSection(ExtensibilityGlobals) = postSolution
		SolutionGuid = {4CDF720C-2804-4ED7-89A5-2D91A3876581}
	EndGlobalSection
EndGlobal
